{
  "version": 4,
  "terraform_version": "1.1.9",
  "serial": 5,
  "lineage": "357f401e-5a56-75bc-0ad1-dedd00486dc1",
  "outputs": {},
  "resources": [
    {
      "mode": "managed",
      "type": "aws_default_vpc",
      "name": "default",
      "provider": "provider[\"registry.terraform.io/hashicorp/aws\"]",
      "instances": [
        {
          "schema_version": 1,
          "attributes": {
            "arn": "arn:aws:ec2:us-west-2:203667426935:vpc/vpc-de6765b8",
            "assign_generated_ipv6_cidr_block": false,
            "cidr_block": "172.31.0.0/16",
            "default_network_acl_id": "acl-bbd77dc2",
            "default_route_table_id": "rtb-54682b2d",
            "default_security_group_id": "sg-d05abfac",
            "dhcp_options_id": "dopt-b38eded5",
            "enable_classiclink": false,
            "enable_classiclink_dns_support": false,
            "enable_dns_hostnames": true,
            "enable_dns_support": true,
            "enable_network_address_usage_metrics": true,
            "existing_default_vpc": true,
            "force_destroy": false,
            "id": "vpc-de6765b8",
            "instance_tenancy": "default",
            "ipv6_association_id": "",
            "ipv6_cidr_block": "",
            "ipv6_cidr_block_network_border_group": "",
            "ipv6_ipam_pool_id": "",
            "ipv6_netmask_length": 0,
            "main_route_table_id": "rtb-54682b2d",
            "owner_id": "203667426935",
            "tags": null,
            "tags_all": {}
          },
          "sensitive_attributes": [],
          "private": "eyJzY2hlbWFfdmVyc2lvbiI6IjEifQ=="
        }
      ]
    },
    {
      "mode": "managed",
      "type": "aws_s3_bucket_acl",
      "name": "prod_tf_course",
      "provider": "provider[\"registry.terraform.io/hashicorp/aws\"]",
      "instances": [
        {
          "schema_version": 0,
          "attributes": {
            "access_control_policy": [
              {
                "grant": [
                  {
                    "grantee": [
                      {
                        "display_name": "steve.allen51254",
                        "email_address": "",
                        "id": "6fefc3c9cf112e3e89e31e6e371d5096dc0654871e90a1017e0e587b25692f92",
                        "type": "CanonicalUser",
                        "uri": ""
                      }
                    ],
                    "permission": "FULL_CONTROL"
                  }
                ],
                "owner": [
                  {
                    "display_name": "steve.allen51254",
                    "id": "6fefc3c9cf112e3e89e31e6e371d5096dc0654871e90a1017e0e587b25692f92"
                  }
                ]
              }
            ],
            "acl": "private",
            "bucket": "tf-course-10299242",
            "expected_bucket_owner": "",
            "id": "tf-course-10299242,private"
          },
          "sensitive_attributes": [],
          "private": "bnVsbA=="
        }
      ]
    }
  ]
}
